// !$*UTF8*$!
{
	archiveVersion = 1;
	classes = {
	};
	objectVersion = 50;
	objects = {

/* Begin PBXBuildFile section */
		1BC141952298242600A30054 /* AppDelegate.swift in Sources */ = {isa = PBXBuildFile; fileRef = 1BC141942298242600A30054 /* AppDelegate.swift */; };
		1BC1419A2298242600A30054 /* Main.storyboard in Resources */ = {isa = PBXBuildFile; fileRef = 1BC141982298242600A30054 /* Main.storyboard */; };
		1BC1419C2298242700A30054 /* Assets.xcassets in Resources */ = {isa = PBXBuildFile; fileRef = 1BC1419B2298242700A30054 /* Assets.xcassets */; };
		1BC1419F2298242700A30054 /* LaunchScreen.storyboard in Resources */ = {isa = PBXBuildFile; fileRef = 1BC1419D2298242700A30054 /* LaunchScreen.storyboard */; };
		1BC141A7229827A500A30054 /* SignUpViewController.swift in Sources */ = {isa = PBXBuildFile; fileRef = 1BC141A6229827A500A30054 /* SignUpViewController.swift */; };
		1BC141AC22982B4800A30054 /* WorkoutListTableViewController.swift in Sources */ = {isa = PBXBuildFile; fileRef = 1BC141AB22982B4800A30054 /* WorkoutListTableViewController.swift */; };
		1BC141AE22982B9C00A30054 /* WorkoutListTableViewCell.swift in Sources */ = {isa = PBXBuildFile; fileRef = 1BC141AD22982B9C00A30054 /* WorkoutListTableViewCell.swift */; };
		1BC141B22298319C00A30054 /* DetailWorkoutViewController.swift in Sources */ = {isa = PBXBuildFile; fileRef = 1BC141B12298319C00A30054 /* DetailWorkoutViewController.swift */; };
		1BC141B422983DE200A30054 /* PunchPassTableViewController.swift in Sources */ = {isa = PBXBuildFile; fileRef = 1BC141B322983DE200A30054 /* PunchPassTableViewController.swift */; };
		1BC141B622983DF800A30054 /* PunchPassCellTableViewCell.swift in Sources */ = {isa = PBXBuildFile; fileRef = 1BC141B522983DF800A30054 /* PunchPassCellTableViewCell.swift */; };
		1BC141BA2298494400A30054 /* Client.swift in Sources */ = {isa = PBXBuildFile; fileRef = 1BC141B92298494400A30054 /* Client.swift */; };
		1BC141BC22984B1800A30054 /* Instructor.swift in Sources */ = {isa = PBXBuildFile; fileRef = 1BC141BB22984B1800A30054 /* Instructor.swift */; };
		1BC141BE22984B9100A30054 /* Workout.swift in Sources */ = {isa = PBXBuildFile; fileRef = 1BC141BD22984B9100A30054 /* Workout.swift */; };
		1BC141C122984D6500A30054 /* PunchPass.swift in Sources */ = {isa = PBXBuildFile; fileRef = 1BC141C022984D6500A30054 /* PunchPass.swift */; };
		1BC141C422984DF800A30054 /* InstructorController.swift in Sources */ = {isa = PBXBuildFile; fileRef = 1BC141C322984DF800A30054 /* InstructorController.swift */; };
		1BC141C622984F4E00A30054 /* WorkoutController.swift in Sources */ = {isa = PBXBuildFile; fileRef = 1BC141C522984F4E00A30054 /* WorkoutController.swift */; };
/* End PBXBuildFile section */

/* Begin PBXFileReference section */
		1BC141912298242600A30054 /* Anyplace Fitness.app */ = {isa = PBXFileReference; explicitFileType = wrapper.application; includeInIndex = 0; path = "Anyplace Fitness.app"; sourceTree = BUILT_PRODUCTS_DIR; };
		1BC141942298242600A30054 /* AppDelegate.swift */ = {isa = PBXFileReference; lastKnownFileType = sourcecode.swift; path = AppDelegate.swift; sourceTree = "<group>"; };
		1BC141992298242600A30054 /* Base */ = {isa = PBXFileReference; lastKnownFileType = file.storyboard; name = Base; path = Base.lproj/Main.storyboard; sourceTree = "<group>"; };
		1BC1419B2298242700A30054 /* Assets.xcassets */ = {isa = PBXFileReference; lastKnownFileType = folder.assetcatalog; path = Assets.xcassets; sourceTree = "<group>"; };
		1BC1419E2298242700A30054 /* Base */ = {isa = PBXFileReference; lastKnownFileType = file.storyboard; name = Base; path = Base.lproj/LaunchScreen.storyboard; sourceTree = "<group>"; };
		1BC141A02298242700A30054 /* Info.plist */ = {isa = PBXFileReference; lastKnownFileType = text.plist.xml; path = Info.plist; sourceTree = "<group>"; };
		1BC141A6229827A500A30054 /* SignUpViewController.swift */ = {isa = PBXFileReference; lastKnownFileType = sourcecode.swift; path = SignUpViewController.swift; sourceTree = "<group>"; };
		1BC141AB22982B4800A30054 /* WorkoutListTableViewController.swift */ = {isa = PBXFileReference; lastKnownFileType = sourcecode.swift; path = WorkoutListTableViewController.swift; sourceTree = "<group>"; };
		1BC141AD22982B9C00A30054 /* WorkoutListTableViewCell.swift */ = {isa = PBXFileReference; lastKnownFileType = sourcecode.swift; path = WorkoutListTableViewCell.swift; sourceTree = "<group>"; };
		1BC141B12298319C00A30054 /* DetailWorkoutViewController.swift */ = {isa = PBXFileReference; lastKnownFileType = sourcecode.swift; path = DetailWorkoutViewController.swift; sourceTree = "<group>"; };
		1BC141B322983DE200A30054 /* PunchPassTableViewController.swift */ = {isa = PBXFileReference; lastKnownFileType = sourcecode.swift; path = PunchPassTableViewController.swift; sourceTree = "<group>"; };
		1BC141B522983DF800A30054 /* PunchPassCellTableViewCell.swift */ = {isa = PBXFileReference; lastKnownFileType = sourcecode.swift; path = PunchPassCellTableViewCell.swift; sourceTree = "<group>"; };
		1BC141B92298494400A30054 /* Client.swift */ = {isa = PBXFileReference; lastKnownFileType = sourcecode.swift; path = Client.swift; sourceTree = "<group>"; };
		1BC141BB22984B1800A30054 /* Instructor.swift */ = {isa = PBXFileReference; lastKnownFileType = sourcecode.swift; path = Instructor.swift; sourceTree = "<group>"; };
		1BC141BD22984B9100A30054 /* Workout.swift */ = {isa = PBXFileReference; lastKnownFileType = sourcecode.swift; path = Workout.swift; sourceTree = "<group>"; };
		1BC141C022984D6500A30054 /* PunchPass.swift */ = {isa = PBXFileReference; lastKnownFileType = sourcecode.swift; path = PunchPass.swift; sourceTree = "<group>"; };
		1BC141C322984DF800A30054 /* InstructorController.swift */ = {isa = PBXFileReference; lastKnownFileType = sourcecode.swift; path = InstructorController.swift; sourceTree = "<group>"; };
		1BC141C522984F4E00A30054 /* WorkoutController.swift */ = {isa = PBXFileReference; lastKnownFileType = sourcecode.swift; path = WorkoutController.swift; sourceTree = "<group>"; };
/* End PBXFileReference section */

/* Begin PBXFrameworksBuildPhase section */
		1BC1418E2298242600A30054 /* Frameworks */ = {
			isa = PBXFrameworksBuildPhase;
			buildActionMask = 2147483647;
			files = (
			);
			runOnlyForDeploymentPostprocessing = 0;
		};
/* End PBXFrameworksBuildPhase section */

/* Begin PBXGroup section */
		1BC141882298242600A30054 = {
			isa = PBXGroup;
			children = (
				1BC141932298242600A30054 /* Anyplace Fitness */,
				1BC141922298242600A30054 /* Products */,
			);
			sourceTree = "<group>";
		};
		1BC141922298242600A30054 /* Products */ = {
			isa = PBXGroup;
			children = (
				1BC141912298242600A30054 /* Anyplace Fitness.app */,
			);
			name = Products;
			sourceTree = "<group>";
		};
		1BC141932298242600A30054 /* Anyplace Fitness */ = {
			isa = PBXGroup;
			children = (
				1BC141B82298492D00A30054 /* Trainer Models */,
				1BC141B72298491B00A30054 /* Client Model */,
				1BC141942298242600A30054 /* AppDelegate.swift */,
				1BC141AA229827E800A30054 /* StoryBoard */,
				1BC141A9229827DA00A30054 /* View Controllers */,
				1BC141A8229827B000A30054 /* Resources */,
			);
			path = "Anyplace Fitness";
			sourceTree = "<group>";
		};
		1BC141A8229827B000A30054 /* Resources */ = {
			isa = PBXGroup;
			children = (
				1BC1419B2298242700A30054 /* Assets.xcassets */,
				1BC1419D2298242700A30054 /* LaunchScreen.storyboard */,
				1BC141A02298242700A30054 /* Info.plist */,
			);
			path = Resources;
			sourceTree = "<group>";
		};
		1BC141A9229827DA00A30054 /* View Controllers */ = {
			isa = PBXGroup;
			children = (
				1BC141B12298319C00A30054 /* DetailWorkoutViewController.swift */,
				1BC141A6229827A500A30054 /* SignUpViewController.swift */,
				1BC141AF22982BCC00A30054 /* Table View controllers */,
				1BC141B022982BD500A30054 /* Table View Cells */,
			);
			path = "View Controllers";
			sourceTree = "<group>";
		};
		1BC141AA229827E800A30054 /* StoryBoard */ = {
			isa = PBXGroup;
			children = (
				1BC141982298242600A30054 /* Main.storyboard */,
			);
			path = StoryBoard;
			sourceTree = "<group>";
		};
		1BC141AF22982BCC00A30054 /* Table View controllers */ = {
			isa = PBXGroup;
			children = (
				1BC141B322983DE200A30054 /* PunchPassTableViewController.swift */,
				1BC141AB22982B4800A30054 /* WorkoutListTableViewController.swift */,
			);
			path = "Table View controllers";
			sourceTree = "<group>";
		};
		1BC141B022982BD500A30054 /* Table View Cells */ = {
			isa = PBXGroup;
			children = (
				1BC141B522983DF800A30054 /* PunchPassCellTableViewCell.swift */,
				1BC141AD22982B9C00A30054 /* WorkoutListTableViewCell.swift */,
			);
			path = "Table View Cells";
			sourceTree = "<group>";
		};
		1BC141B72298491B00A30054 /* Client Model */ = {
			isa = PBXGroup;
			children = (
				1BC141B92298494400A30054 /* Client.swift */,
			);
			path = "Client Model";
			sourceTree = "<group>";
		};
		1BC141B82298492D00A30054 /* Trainer Models */ = {
			isa = PBXGroup;
			children = (
				1BC141BB22984B1800A30054 /* Instructor.swift */,
				1BC141BD22984B9100A30054 /* Workout.swift */,
				1BC141C022984D6500A30054 /* PunchPass.swift */,
				1BC141C222984DB900A30054 /* Model Controllers */,
			);
			path = "Trainer Models";
			sourceTree = "<group>";
		};
		1BC141C222984DB900A30054 /* Model Controllers */ = {
			isa = PBXGroup;
			children = (
				1BC141C322984DF800A30054 /* InstructorController.swift */,
				1BC141C522984F4E00A30054 /* WorkoutController.swift */,
			);
			path = "Model Controllers";
			sourceTree = "<group>";
		};
/* End PBXGroup section */

/* Begin PBXNativeTarget section */
		1BC141902298242600A30054 /* Anyplace Fitness */ = {
			isa = PBXNativeTarget;
			buildConfigurationList = 1BC141A32298242700A30054 /* Build configuration list for PBXNativeTarget "Anyplace Fitness" */;
			buildPhases = (
				1BC1418D2298242600A30054 /* Sources */,
				1BC1418E2298242600A30054 /* Frameworks */,
				1BC1418F2298242600A30054 /* Resources */,
			);
			buildRules = (
			);
			dependencies = (
			);
			name = "Anyplace Fitness";
			productName = "Anyplace Fitness";
			productReference = 1BC141912298242600A30054 /* Anyplace Fitness.app */;
			productType = "com.apple.product-type.application";
		};
/* End PBXNativeTarget section */

/* Begin PBXProject section */
		1BC141892298242600A30054 /* Project object */ = {
			isa = PBXProject;
			attributes = {
				LastSwiftUpdateCheck = 1020;
				LastUpgradeCheck = 1020;
				ORGANIZATIONNAME = "Michael Flowers";
				TargetAttributes = {
					1BC141902298242600A30054 = {
						CreatedOnToolsVersion = 10.2.1;
					};
				};
			};
			buildConfigurationList = 1BC1418C2298242600A30054 /* Build configuration list for PBXProject "Anyplace Fitness" */;
			compatibilityVersion = "Xcode 9.3";
			developmentRegion = en;
			hasScannedForEncodings = 0;
			knownRegions = (
				en,
				Base,
			);
			mainGroup = 1BC141882298242600A30054;
			productRefGroup = 1BC141922298242600A30054 /* Products */;
			projectDirPath = "";
			projectRoot = "";
			targets = (
				1BC141902298242600A30054 /* Anyplace Fitness */,
			);
		};
/* End PBXProject section */

/* Begin PBXResourcesBuildPhase section */
		1BC1418F2298242600A30054 /* Resources */ = {
			isa = PBXResourcesBuildPhase;
			buildActionMask = 2147483647;
			files = (
				1BC1419F2298242700A30054 /* LaunchScreen.storyboard in Resources */,
				1BC1419C2298242700A30054 /* Assets.xcassets in Resources */,
				1BC1419A2298242600A30054 /* Main.storyboard in Resources */,
			);
			runOnlyForDeploymentPostprocessing = 0;
		};
/* End PBXResourcesBuildPhase section */

/* Begin PBXSourcesBuildPhase section */
		1BC1418D2298242600A30054 /* Sources */ = {
			isa = PBXSourcesBuildPhase;
			buildActionMask = 2147483647;
			files = (
				1BC141C622984F4E00A30054 /* WorkoutController.swift in Sources */,
				1BC141A7229827A500A30054 /* SignUpViewController.swift in Sources */,
				1BC141C122984D6500A30054 /* PunchPass.swift in Sources */,
				1BC141BC22984B1800A30054 /* Instructor.swift in Sources */,
				1BC141952298242600A30054 /* AppDelegate.swift in Sources */,
				1BC141BE22984B9100A30054 /* Workout.swift in Sources */,
				1BC141B622983DF800A30054 /* PunchPassCellTableViewCell.swift in Sources */,
				1BC141C422984DF800A30054 /* InstructorController.swift in Sources */,
				1BC141AC22982B4800A30054 /* WorkoutListTableViewController.swift in Sources */,
				1BC141B422983DE200A30054 /* PunchPassTableViewController.swift in Sources */,
				1BC141AE22982B9C00A30054 /* WorkoutListTableViewCell.swift in Sources */,
				1BC141BA2298494400A30054 /* Client.swift in Sources */,
				1BC141B22298319C00A30054 /* DetailWorkoutViewController.swift in Sources */,
			);
			runOnlyForDeploymentPostprocessing = 0;
		};
/* End PBXSourcesBuildPhase section */

/* Begin PBXVariantGroup section */
		1BC141982298242600A30054 /* Main.storyboard */ = {
			isa = PBXVariantGroup;
			children = (
				1BC141992298242600A30054 /* Base */,
			);
			name = Main.storyboard;
			sourceTree = "<group>";
		};
		1BC1419D2298242700A30054 /* LaunchScreen.storyboard */ = {
			isa = PBXVariantGroup;
			children = (
				1BC1419E2298242700A30054 /* Base */,
			);
			name = LaunchScreen.storyboard;
			sourceTree = "<group>";
		};
/* End PBXVariantGroup section */

/* Begin XCBuildConfiguration section */
		1BC141A12298242700A30054 /* Debug */ = {
			isa = XCBuildConfiguration;
			buildSettings = {
				ALWAYS_SEARCH_USER_PATHS = NO;
				CLANG_ANALYZER_NONNULL = YES;
				CLANG_ANALYZER_NUMBER_OBJECT_CONVERSION = YES_AGGRESSIVE;
				CLANG_CXX_LANGUAGE_STANDARD = "gnu++14";
				CLANG_CXX_LIBRARY = "libc++";
				CLANG_ENABLE_MODULES = YES;
				CLANG_ENABLE_OBJC_ARC = YES;
				CLANG_ENABLE_OBJC_WEAK = YES;
				CLANG_WARN_BLOCK_CAPTURE_AUTORELEASING = YES;
				CLANG_WARN_BOOL_CONVERSION = YES;
				CLANG_WARN_COMMA = YES;
				CLANG_WARN_CONSTANT_CONVERSION = YES;
				CLANG_WARN_DEPRECATED_OBJC_IMPLEMENTATIONS = YES;
				CLANG_WARN_DIRECT_OBJC_ISA_USAGE = YES_ERROR;
				CLANG_WARN_DOCUMENTATION_COMMENTS = YES;
				CLANG_WARN_EMPTY_BODY = YES;
				CLANG_WARN_ENUM_CONVERSION = YES;
				CLANG_WARN_INFINITE_RECURSION = YES;
				CLANG_WARN_INT_CONVERSION = YES;
				CLANG_WARN_NON_LITERAL_NULL_CONVERSION = YES;
				CLANG_WARN_OBJC_IMPLICIT_RETAIN_SELF = YES;
				CLANG_WARN_OBJC_LITERAL_CONVERSION = YES;
				CLANG_WARN_OBJC_ROOT_CLASS = YES_ERROR;
				CLANG_WARN_RANGE_LOOP_ANALYSIS = YES;
				CLANG_WARN_STRICT_PROTOTYPES = YES;
				CLANG_WARN_SUSPICIOUS_MOVE = YES;
				CLANG_WARN_UNGUARDED_AVAILABILITY = YES_AGGRESSIVE;
				CLANG_WARN_UNREACHABLE_CODE = YES;
				CLANG_WARN__DUPLICATE_METHOD_MATCH = YES;
				CODE_SIGN_IDENTITY = "iPhone Developer";
				COPY_PHASE_STRIP = NO;
				DEBUG_INFORMATION_FORMAT = dwarf;
				ENABLE_STRICT_OBJC_MSGSEND = YES;
				ENABLE_TESTABILITY = YES;
				GCC_C_LANGUAGE_STANDARD = gnu11;
				GCC_DYNAMIC_NO_PIC = NO;
				GCC_NO_COMMON_BLOCKS = YES;
				GCC_OPTIMIZATION_LEVEL = 0;
				GCC_PREPROCESSOR_DEFINITIONS = (
					"DEBUG=1",
					"$(inherited)",
				);
				GCC_WARN_64_TO_32_BIT_CONVERSION = YES;
				GCC_WARN_ABOUT_RETURN_TYPE = YES_ERROR;
				GCC_WARN_UNDECLARED_SELECTOR = YES;
				GCC_WARN_UNINITIALIZED_AUTOS = YES_AGGRESSIVE;
				GCC_WARN_UNUSED_FUNCTION = YES;
				GCC_WARN_UNUSED_VARIABLE = YES;
				IPHONEOS_DEPLOYMENT_TARGET = 12.2;
				MTL_ENABLE_DEBUG_INFO = INCLUDE_SOURCE;
				MTL_FAST_MATH = YES;
				ONLY_ACTIVE_ARCH = YES;
				SDKROOT = iphoneos;
				SWIFT_ACTIVE_COMPILATION_CONDITIONS = DEBUG;
				SWIFT_OPTIMIZATION_LEVEL = "-Onone";
			};
			name = Debug;
		};
		1BC141A22298242700A30054 /* Release */ = {
			isa = XCBuildConfiguration;
			buildSettings = {
				ALWAYS_SEARCH_USER_PATHS = NO;
				CLANG_ANALYZER_NONNULL = YES;
				CLANG_ANALYZER_NUMBER_OBJECT_CONVERSION = YES_AGGRESSIVE;
				CLANG_CXX_LANGUAGE_STANDARD = "gnu++14";
				CLANG_CXX_LIBRARY = "libc++";
				CLANG_ENABLE_MODULES = YES;
				CLANG_ENABLE_OBJC_ARC = YES;
				CLANG_ENABLE_OBJC_WEAK = YES;
				CLANG_WARN_BLOCK_CAPTURE_AUTORELEASING = YES;
				CLANG_WARN_BOOL_CONVERSION = YES;
				CLANG_WARN_COMMA = YES;
				CLANG_WARN_CONSTANT_CONVERSION = YES;
				CLANG_WARN_DEPRECATED_OBJC_IMPLEMENTATIONS = YES;
				CLANG_WARN_DIRECT_OBJC_ISA_USAGE = YES_ERROR;
				CLANG_WARN_DOCUMENTATION_COMMENTS = YES;
				CLANG_WARN_EMPTY_BODY = YES;
				CLANG_WARN_ENUM_CONVERSION = YES;
				CLANG_WARN_INFINITE_RECURSION = YES;
				CLANG_WARN_INT_CONVERSION = YES;
				CLANG_WARN_NON_LITERAL_NULL_CONVERSION = YES;
				CLANG_WARN_OBJC_IMPLICIT_RETAIN_SELF = YES;
				CLANG_WARN_OBJC_LITERAL_CONVERSION = YES;
				CLANG_WARN_OBJC_ROOT_CLASS = YES_ERROR;
				CLANG_WARN_RANGE_LOOP_ANALYSIS = YES;
				CLANG_WARN_STRICT_PROTOTYPES = YES;
				CLANG_WARN_SUSPICIOUS_MOVE = YES;
				CLANG_WARN_UNGUARDED_AVAILABILITY = YES_AGGRESSIVE;
				CLANG_WARN_UNREACHABLE_CODE = YES;
				CLANG_WARN__DUPLICATE_METHOD_MATCH = YES;
				CODE_SIGN_IDENTITY = "iPhone Developer";
				COPY_PHASE_STRIP = NO;
				DEBUG_INFORMATION_FORMAT = "dwarf-with-dsym";
				ENABLE_NS_ASSERTIONS = NO;
				ENABLE_STRICT_OBJC_MSGSEND = YES;
				GCC_C_LANGUAGE_STANDARD = gnu11;
				GCC_NO_COMMON_BLOCKS = YES;
				GCC_WARN_64_TO_32_BIT_CONVERSION = YES;
				GCC_WARN_ABOUT_RETURN_TYPE = YES_ERROR;
				GCC_WARN_UNDECLARED_SELECTOR = YES;
				GCC_WARN_UNINITIALIZED_AUTOS = YES_AGGRESSIVE;
				GCC_WARN_UNUSED_FUNCTION = YES;
				GCC_WARN_UNUSED_VARIABLE = YES;
				IPHONEOS_DEPLOYMENT_TARGET = 12.2;
				MTL_ENABLE_DEBUG_INFO = NO;
				MTL_FAST_MATH = YES;
				SDKROOT = iphoneos;
				SWIFT_COMPILATION_MODE = wholemodule;
				SWIFT_OPTIMIZATION_LEVEL = "-O";
				VALIDATE_PRODUCT = YES;
			};
			name = Release;
		};
		1BC141A42298242700A30054 /* Debug */ = {
			isa = XCBuildConfiguration;
			buildSettings = {
				ASSETCATALOG_COMPILER_APPICON_NAME = AppIcon;
				CODE_SIGN_STYLE = Automatic;
				DEVELOPMENT_TEAM = X4W7EQ4E4R;
				INFOPLIST_FILE = "$(SRCROOT)/Anyplace Fitness/Resources/Info.plist";
				LD_RUNPATH_SEARCH_PATHS = (
					"$(inherited)",
					"@executable_path/Frameworks",
				);
				PRODUCT_BUNDLE_IDENTIFIER = "flowers.Anyplace-Fitness";
				PRODUCT_NAME = "$(TARGET_NAME)";
				SWIFT_VERSION = 5.0;
				TARGETED_DEVICE_FAMILY = "1,2";
			};
			name = Debug;
		};
		1BC141A52298242700A30054 /* Release */ = {
			isa = XCBuildConfiguration;
			buildSettings = {
				ASSETCATALOG_COMPILER_APPICON_NAME = AppIcon;
				CODE_SIGN_STYLE = Automatic;
				DEVELOPMENT_TEAM = X4W7EQ4E4R;
				INFOPLIST_FILE = "$(SRCROOT)/Anyplace Fitness/Resources/Info.plist";
				LD_RUNPATH_SEARCH_PATHS = (
					"$(inherited)",
					"@executable_path/Frameworks",
				);
				PRODUCT_BUNDLE_IDENTIFIER = "flowers.Anyplace-Fitness";
				PRODUCT_NAME = "$(TARGET_NAME)";
				SWIFT_VERSION = 5.0;
				TARGETED_DEVICE_FAMILY = "1,2";
			};
			name = Release;
		};
/* End XCBuildConfiguration section */

/* Begin XCConfigurationList section */
		1BC1418C2298242600A30054 /* Build configuration list for PBXProject "Anyplace Fitness" */ = {
			isa = XCConfigurationList;
			buildConfigurations = (
				1BC141A12298242700A30054 /* Debug */,
				1BC141A22298242700A30054 /* Release */,
			);
			defaultConfigurationIsVisible = 0;
			defaultConfigurationName = Release;
		};
		1BC141A32298242700A30054 /* Build configuration list for PBXNativeTarget "Anyplace Fitness" */ = {
			isa = XCConfigurationList;
			buildConfigurations = (
				1BC141A42298242700A30054 /* Debug */,
				1BC141A52298242700A30054 /* Release */,
			);
			defaultConfigurationIsVisible = 0;
			defaultConfigurationName = Release;
		};
/* End XCConfigurationList section */
	};
	rootObject = 1BC141892298242600A30054 /* Project object */;
}
